
Microsoft Visual Studio Solution File, Format Version 12.00
# Visual Studio 15
VisualStudioVersion = 15.0.28307.902
MinimumVisualStudioVersion = 10.0.40219.1
Project("{FAE04EC0-301F-11D3-BF4B-00C04F79EFBC}") = "String_mach_checker", "String_mach_checker\String_mach_checker.csproj", "{698BCFF7-87AC-4138-A279-85D5F547293E}"
EndProject
Global
	GlobalSection(SolutionConfigurationPlatforms) = preSolution
		Debug|Any CPU = Debug|Any CPU
		Release|Any CPU = Release|Any CPU
	EndGlobalSection
	GlobalSection(ProjectConfigurationPlatforms) = postSolution
		{698BCFF7-87AC-4138-A279-85D5F547293E}.Debug|Any CPU.ActiveCfg = Debug|Any CPU
		{698BCFF7-87AC-4138-A279-85D5F547293E}.Debug|Any CPU.Build.0 = Debug|Any CPU
		{698BCFF7-87AC-4138-A279-85D5F547293E}.Release|Any CPU.ActiveCfg = Release|Any CPU
		{698BCFF7-87AC-4138-A279-85D5F547293E}.Release|Any CPU.Build.0 = Release|Any CPU
	EndGlobalSection
	GlobalSection(SolutionProperties) = preSolution
		HideSolutionNode = FALSE
	EndGlobalSection
	GlobalSection(ExtensibilityGlobals) = postSolution
		SolutionGuid = {75DA2BC0-25D3-4918-91ED-135949B59D49}
	EndGlobalSection
EndGlobal
